# This file is autogenerated, do not edit; changes may be undone by the next 'dep ensure'.


[[projects]]
  branch = "master"
  name = "github.com/go-toolsmith/astcopy"
  packages = ["."]
  revision = "fc497f942afe9ca951d5c91c5c180fd59aebe5d4"

[[projects]]
  branch = "master"
  name = "github.com/go-toolsmith/astequal"
  packages = ["."]
  revision = "e9d31615533153b6a0f02f491c5432b227094163"

[[projects]]
  branch = "master"
  name = "github.com/go-toolsmith/astfmt"
  packages = ["."]
  revision = "6ea5b99ab1746954c14cc74d79d94913a53c8ff3"

[[projects]]
  branch = "master"
  name = "github.com/go-toolsmith/astp"
  packages = ["."]
  revision = "d378e1e6ba8e7084e724d9aa4ce0b41b719d5257"

[[projects]]
  branch = "master"
  name = "github.com/go-toolsmith/strparse"
  packages = ["."]
  revision = "71162a977d98e0f84f53e3b1424e54a9a3b615ef"

[[projects]]
  branch = "master"
  name = "golang.org/x/tools"
  packages = [
    "go/ast/astutil",
    "go/buildutil",
    "go/loader"
  ]
  revision = "56e9b8e653c818f46a96eb4828aba7be54271a69"

[solve-meta]
  analyzer-name = "dep"
  analyzer-version = 1
  inputs-digest = "09adb9af9c3491ef5fc14d91628f9f7c0ad6894f09bf93ea24db0c5e287e61f9"
  solver-name = "gps-cdcl"
  solver-version = 1
