# This file is autogenerated, do not edit; changes may be undone by the next 'dep ensure'.


[[projects]]
  branch = "master"
  name = "github.com/go-toolsmith/astcopy"
  packages = ["."]
  revision = "7f3c9768117e22a3a21988c635390dcf989c02fb"

[[projects]]
  branch = "master"
  name = "github.com/go-toolsmith/astequal"
  packages = ["."]
  revision = "e9d31615533153b6a0f02f491c5432b227094163"

[[projects]]
  branch = "master"
  name = "github.com/go-toolsmith/astfmt"
  packages = ["."]
  revision = "6ea5b99ab1746954c14cc74d79d94913a53c8ff3"

[[projects]]
  branch = "master"
  name = "github.com/go-toolsmith/astp"
  packages = ["."]
  revision = "d378e1e6ba8e7084e724d9aa4ce0b41b719d5257"

[[projects]]
  branch = "master"
  name = "github.com/go-toolsmith/strparse"
  packages = ["."]
  revision = "f69bf8079030b334aaf0737675b8bc4cde9b25d7"

[[projects]]
  branch = "master"
  name = "golang.org/x/tools"
  packages = [
    "go/ast/astutil",
    "go/buildutil",
    "go/loader"
  ]
  revision = "465e6f399236d0ea2466584539d4eab4d3d83720"

[solve-meta]
  analyzer-name = "dep"
  analyzer-version = 1
  inputs-digest = "09adb9af9c3491ef5fc14d91628f9f7c0ad6894f09bf93ea24db0c5e287e61f9"
  solver-name = "gps-cdcl"
  solver-version = 1
